
Microsoft Visual Studio Solution File, Format Version 12.00
# Visual Studio Version 17
VisualStudioVersion = 17.5.33502.453
MinimumVisualStudioVersion = 10.0.40219.1
Project("{FAE04EC0-301F-11D3-BF4B-00C04F79EFBC}") = "ConsoleApp1", "ConsoleApp1\ConsoleApp1.csproj", "{E9B73581-38E8-4AA0-AFB4-356A9E826216}"
EndProject
Global
	GlobalSection(SolutionConfigurationPlatforms) = preSolution
		Debug|Any CPU = Debug|Any CPU
		Release|Any CPU = Release|Any CPU
	EndGlobalSection
	GlobalSection(ProjectConfigurationPlatforms) = postSolution
		{E9B73581-38E8-4AA0-AFB4-356A9E826216}.Debug|Any CPU.ActiveCfg = Debug|Any CPU
		{E9B73581-38E8-4AA0-AFB4-356A9E826216}.Debug|Any CPU.Build.0 = Debug|Any CPU
		{E9B73581-38E8-4AA0-AFB4-356A9E826216}.Release|Any CPU.ActiveCfg = Release|Any CPU
		{E9B73581-38E8-4AA0-AFB4-356A9E826216}.Release|Any CPU.Build.0 = Release|Any CPU
	EndGlobalSection
	GlobalSection(SolutionProperties) = preSolution
		HideSolutionNode = FALSE
	EndGlobalSection
	GlobalSection(ExtensibilityGlobals) = postSolution
		SolutionGuid = {7B832742-9FEC-4EAD-9237-AF3E29482D7F}
	EndGlobalSection
EndGlobal
